
Microsoft Visual Studio Solution File, Format Version 12.00
# Visual Studio 2013
VisualStudioVersion = 12.0.30723.0
MinimumVisualStudioVersion = 10.0.40219.1
Project("{888888A0-9F3D-457C-B088-3A5042F75D52}") = "Module4WorkingWithNumbers", "Module4WorkingWithNumbers\Module4WorkingWithNumbers.pyproj", "{3BEEDBC6-95B3-41D3-AA92-AEB2815099B7}"
EndProject
Global
	GlobalSection(SolutionConfigurationPlatforms) = preSolution
		Debug|Any CPU = Debug|Any CPU
		Release|Any CPU = Release|Any CPU
	EndGlobalSection
	GlobalSection(ProjectConfigurationPlatforms) = postSolution
		{3BEEDBC6-95B3-41D3-AA92-AEB2815099B7}.Debug|Any CPU.ActiveCfg = Debug|Any CPU
		{3BEEDBC6-95B3-41D3-AA92-AEB2815099B7}.Release|Any CPU.ActiveCfg = Release|Any CPU
	EndGlobalSection
	GlobalSection(SolutionProperties) = preSolution
		HideSolutionNode = FALSE
	EndGlobalSection
EndGlobal
